
Microsoft Visual Studio Solution File, Format Version 12.00
# Visual Studio Version 17
VisualStudioVersion = 17.8.34309.116
MinimumVisualStudioVersion = 10.0.40219.1
Project("{9A19103F-16F7-4668-BE54-9A1E7A4F7556}") = "Asteroids", "src\Asteroids\Asteroids.csproj", "{87ACCC85-8D1F-4DF0-89DA-3CBD222274FC}"
EndProject
Project("{FAE04EC0-301F-11D3-BF4B-00C04F79EFBC}") = "Observability", "src\Observability\Observability.csproj", "{88287DFC-FF2F-4BA4-A2EA-7F006A9E12EF}"
EndProject
Project("{9A19103F-16F7-4668-BE54-9A1E7A4F7556}") = "Raft_Gateway", "..\RAFT\Raft_Gateway\Raft_Gateway.csproj", "{9BCE0187-DC6E-4459-8EEC-503AB7855B75}"
EndProject
Project("{9A19103F-16F7-4668-BE54-9A1E7A4F7556}") = "Raft_Node", "..\RAFT\Raft_Node\Raft_Node.csproj", "{DBEBF955-F1AA-4675-8E86-E940C5670C20}"
EndProject
Project("{9A19103F-16F7-4668-BE54-9A1E7A4F7556}") = "Raft_Library", "..\RAFT\Raft_Library\Raft_Library.csproj", "{403F397C-DC60-4633-A64E-ACFF6F24C0D3}"
EndProject
Project("{9A19103F-16F7-4668-BE54-9A1E7A4F7556}") = "RealTimeCommunication", "src\RealTimeCommunication\RealTimeCommunication.csproj", "{B4C809D8-80CC-43A9-89C3-8991ACAF5ED0}"
EndProject
Project("{FAE04EC0-301F-11D3-BF4B-00C04F79EFBC}") = "Asteriods.Shared", "src\Asteriods.Shared\Asteriods.Shared.csproj", "{26D607C3-CBEF-4CC4-BAD3-ABE334FEC765}"
EndProject
Global
	GlobalSection(SolutionConfigurationPlatforms) = preSolution
		Debug|Any CPU = Debug|Any CPU
		Release|Any CPU = Release|Any CPU
	EndGlobalSection
	GlobalSection(ProjectConfigurationPlatforms) = postSolution
		{87ACCC85-8D1F-4DF0-89DA-3CBD222274FC}.Debug|Any CPU.ActiveCfg = Debug|Any CPU
		{87ACCC85-8D1F-4DF0-89DA-3CBD222274FC}.Debug|Any CPU.Build.0 = Debug|Any CPU
		{87ACCC85-8D1F-4DF0-89DA-3CBD222274FC}.Release|Any CPU.ActiveCfg = Release|Any CPU
		{87ACCC85-8D1F-4DF0-89DA-3CBD222274FC}.Release|Any CPU.Build.0 = Release|Any CPU
		{88287DFC-FF2F-4BA4-A2EA-7F006A9E12EF}.Debug|Any CPU.ActiveCfg = Debug|Any CPU
		{88287DFC-FF2F-4BA4-A2EA-7F006A9E12EF}.Debug|Any CPU.Build.0 = Debug|Any CPU
		{88287DFC-FF2F-4BA4-A2EA-7F006A9E12EF}.Release|Any CPU.ActiveCfg = Release|Any CPU
		{88287DFC-FF2F-4BA4-A2EA-7F006A9E12EF}.Release|Any CPU.Build.0 = Release|Any CPU
		{9BCE0187-DC6E-4459-8EEC-503AB7855B75}.Debug|Any CPU.ActiveCfg = Debug|Any CPU
		{9BCE0187-DC6E-4459-8EEC-503AB7855B75}.Debug|Any CPU.Build.0 = Debug|Any CPU
		{9BCE0187-DC6E-4459-8EEC-503AB7855B75}.Release|Any CPU.ActiveCfg = Release|Any CPU
		{9BCE0187-DC6E-4459-8EEC-503AB7855B75}.Release|Any CPU.Build.0 = Release|Any CPU
		{DBEBF955-F1AA-4675-8E86-E940C5670C20}.Debug|Any CPU.ActiveCfg = Debug|Any CPU
		{DBEBF955-F1AA-4675-8E86-E940C5670C20}.Debug|Any CPU.Build.0 = Debug|Any CPU
		{DBEBF955-F1AA-4675-8E86-E940C5670C20}.Release|Any CPU.ActiveCfg = Release|Any CPU
		{DBEBF955-F1AA-4675-8E86-E940C5670C20}.Release|Any CPU.Build.0 = Release|Any CPU
		{403F397C-DC60-4633-A64E-ACFF6F24C0D3}.Debug|Any CPU.ActiveCfg = Debug|Any CPU
		{403F397C-DC60-4633-A64E-ACFF6F24C0D3}.Debug|Any CPU.Build.0 = Debug|Any CPU
		{403F397C-DC60-4633-A64E-ACFF6F24C0D3}.Release|Any CPU.ActiveCfg = Release|Any CPU
		{403F397C-DC60-4633-A64E-ACFF6F24C0D3}.Release|Any CPU.Build.0 = Release|Any CPU
		{B4C809D8-80CC-43A9-89C3-8991ACAF5ED0}.Debug|Any CPU.ActiveCfg = Debug|Any CPU
		{B4C809D8-80CC-43A9-89C3-8991ACAF5ED0}.Debug|Any CPU.Build.0 = Debug|Any CPU
		{B4C809D8-80CC-43A9-89C3-8991ACAF5ED0}.Release|Any CPU.ActiveCfg = Release|Any CPU
		{B4C809D8-80CC-43A9-89C3-8991ACAF5ED0}.Release|Any CPU.Build.0 = Release|Any CPU
		{26D607C3-CBEF-4CC4-BAD3-ABE334FEC765}.Debug|Any CPU.ActiveCfg = Debug|Any CPU
		{26D607C3-CBEF-4CC4-BAD3-ABE334FEC765}.Debug|Any CPU.Build.0 = Debug|Any CPU
		{26D607C3-CBEF-4CC4-BAD3-ABE334FEC765}.Release|Any CPU.ActiveCfg = Release|Any CPU
		{26D607C3-CBEF-4CC4-BAD3-ABE334FEC765}.Release|Any CPU.Build.0 = Release|Any CPU
	EndGlobalSection
	GlobalSection(SolutionProperties) = preSolution
		HideSolutionNode = FALSE
	EndGlobalSection
	GlobalSection(ExtensibilityGlobals) = postSolution
		SolutionGuid = {331C40E1-23D6-4C3B-9D3F-11DE2CCF9A40}
	EndGlobalSection
EndGlobal
